
Microsoft Visual Studio Solution File, Format Version 12.00
Project("{2150E333-8FDC-42A3-9474-1A3956D46DE8}") = "Installers", "Installers", "{576471C2-8A3E-4EB7-9933-26E4FCA2A22C}"
EndProject
Project("{2150E333-8FDC-42A3-9474-1A3956D46DE8}") = "Repositories", "Repositories", "{1D6E5D9D-214A-42C4-B1CC-DA2996142184}"
EndProject
Project("{2150E333-8FDC-42A3-9474-1A3956D46DE8}") = "Libraries", "Libraries", "{2CF67A9F-CAE0-44FA-8795-38FFDF65D0E6}"
EndProject
Project("{2150E333-8FDC-42A3-9474-1A3956D46DE8}") = "Apps", "Apps", "{0B91EF0B-3B10-4A1A-993D-8178E0F3976D}"
EndProject
Project("{FAE04EC0-301F-11D3-BF4B-00C04F79EFBC}") = "SlowCow.Repo.Base", "SlowCow.Repo.Base\SlowCow.Repo.Base.csproj", "{ACF43A03-8FBB-40E5-9EBA-5622EC8AA444}"
EndProject
Project("{FAE04EC0-301F-11D3-BF4B-00C04F79EFBC}") = "SlowCow.Repo.GitHub", "SlowCow.Repo.GitHub\SlowCow.Repo.GitHub.csproj", "{23BE5E54-AD30-46D3-9FAD-16032C1BE8AE}"
EndProject
Project("{FAE04EC0-301F-11D3-BF4B-00C04F79EFBC}") = "SlowCow.Libs.Publish", "SlowCow.Libs.Publish\SlowCow.Libs.Publish.csproj", "{CCE3F032-7516-4863-880C-83B6384D5707}"
EndProject
Project("{FAE04EC0-301F-11D3-BF4B-00C04F79EFBC}") = "SlowCow.Libs.Install", "SlowCow.Libs.Install\SlowCow.Libs.Install.csproj", "{EF3CFBA2-3736-4B78-B319-CE86B6C93637}"
EndProject
Project("{FAE04EC0-301F-11D3-BF4B-00C04F79EFBC}") = "SlowCow.Installers.Windows", "SlowCow.Installers.Windows\SlowCow.Installers.Windows.csproj", "{2ED28AF4-E59D-42D1-B9B8-6D3A3589D5EB}"
EndProject
Project("{FAE04EC0-301F-11D3-BF4B-00C04F79EFBC}") = "SlowCow.Installers.Base", "SlowCow.Installers.Base\SlowCow.Installers.Base.csproj", "{442299BA-04F5-4E42-9DBB-E30DAEDEFE32}"
EndProject
Project("{FAE04EC0-301F-11D3-BF4B-00C04F79EFBC}") = "SlowCow.Apps.Publisher", "SlowCow.Apps.Publisher\SlowCow.Apps.Publisher.csproj", "{BA8A13E7-E4C5-4B87-AE70-267348B171C7}"
EndProject
Project("{FAE04EC0-301F-11D3-BF4B-00C04F79EFBC}") = "SlowCow.Apps.InstallerBase", "SlowCow.Apps.InstallerBase\SlowCow.Apps.InstallerBase.csproj", "{3E74899A-49A5-4700-9325-6F2E5275C42E}"
EndProject
Project("{FAE04EC0-301F-11D3-BF4B-00C04F79EFBC}") = "SlowCow.Apps.Shared", "SlowCow.Apps.Shared\SlowCow.Apps.Shared.csproj", "{F23C8DD9-F2D3-448B-8832-F085217E441F}"
EndProject
Global
	GlobalSection(SolutionConfigurationPlatforms) = preSolution
		Debug|Any CPU = Debug|Any CPU
		Release|Any CPU = Release|Any CPU
	EndGlobalSection
	GlobalSection(NestedProjects) = preSolution
		{ACF43A03-8FBB-40E5-9EBA-5622EC8AA444} = {1D6E5D9D-214A-42C4-B1CC-DA2996142184}
		{23BE5E54-AD30-46D3-9FAD-16032C1BE8AE} = {1D6E5D9D-214A-42C4-B1CC-DA2996142184}
		{CCE3F032-7516-4863-880C-83B6384D5707} = {2CF67A9F-CAE0-44FA-8795-38FFDF65D0E6}
		{EF3CFBA2-3736-4B78-B319-CE86B6C93637} = {2CF67A9F-CAE0-44FA-8795-38FFDF65D0E6}
		{2ED28AF4-E59D-42D1-B9B8-6D3A3589D5EB} = {576471C2-8A3E-4EB7-9933-26E4FCA2A22C}
		{442299BA-04F5-4E42-9DBB-E30DAEDEFE32} = {576471C2-8A3E-4EB7-9933-26E4FCA2A22C}
		{576471C2-8A3E-4EB7-9933-26E4FCA2A22C} = {2CF67A9F-CAE0-44FA-8795-38FFDF65D0E6}
		{1D6E5D9D-214A-42C4-B1CC-DA2996142184} = {2CF67A9F-CAE0-44FA-8795-38FFDF65D0E6}
		{3E74899A-49A5-4700-9325-6F2E5275C42E} = {0B91EF0B-3B10-4A1A-993D-8178E0F3976D}
		{BA8A13E7-E4C5-4B87-AE70-267348B171C7} = {0B91EF0B-3B10-4A1A-993D-8178E0F3976D}
		{F23C8DD9-F2D3-448B-8832-F085217E441F} = {0B91EF0B-3B10-4A1A-993D-8178E0F3976D}
	EndGlobalSection
	GlobalSection(ProjectConfigurationPlatforms) = postSolution
		{ACF43A03-8FBB-40E5-9EBA-5622EC8AA444}.Debug|Any CPU.ActiveCfg = Debug|Any CPU
		{ACF43A03-8FBB-40E5-9EBA-5622EC8AA444}.Debug|Any CPU.Build.0 = Debug|Any CPU
		{ACF43A03-8FBB-40E5-9EBA-5622EC8AA444}.Release|Any CPU.ActiveCfg = Release|Any CPU
		{ACF43A03-8FBB-40E5-9EBA-5622EC8AA444}.Release|Any CPU.Build.0 = Release|Any CPU
		{23BE5E54-AD30-46D3-9FAD-16032C1BE8AE}.Debug|Any CPU.ActiveCfg = Debug|Any CPU
		{23BE5E54-AD30-46D3-9FAD-16032C1BE8AE}.Debug|Any CPU.Build.0 = Debug|Any CPU
		{23BE5E54-AD30-46D3-9FAD-16032C1BE8AE}.Release|Any CPU.ActiveCfg = Release|Any CPU
		{23BE5E54-AD30-46D3-9FAD-16032C1BE8AE}.Release|Any CPU.Build.0 = Release|Any CPU
		{CCE3F032-7516-4863-880C-83B6384D5707}.Debug|Any CPU.ActiveCfg = Debug|Any CPU
		{CCE3F032-7516-4863-880C-83B6384D5707}.Debug|Any CPU.Build.0 = Debug|Any CPU
		{CCE3F032-7516-4863-880C-83B6384D5707}.Release|Any CPU.ActiveCfg = Release|Any CPU
		{CCE3F032-7516-4863-880C-83B6384D5707}.Release|Any CPU.Build.0 = Release|Any CPU
		{EF3CFBA2-3736-4B78-B319-CE86B6C93637}.Debug|Any CPU.ActiveCfg = Debug|Any CPU
		{EF3CFBA2-3736-4B78-B319-CE86B6C93637}.Debug|Any CPU.Build.0 = Debug|Any CPU
		{EF3CFBA2-3736-4B78-B319-CE86B6C93637}.Release|Any CPU.ActiveCfg = Release|Any CPU
		{EF3CFBA2-3736-4B78-B319-CE86B6C93637}.Release|Any CPU.Build.0 = Release|Any CPU
		{2ED28AF4-E59D-42D1-B9B8-6D3A3589D5EB}.Debug|Any CPU.ActiveCfg = Debug|Any CPU
		{2ED28AF4-E59D-42D1-B9B8-6D3A3589D5EB}.Debug|Any CPU.Build.0 = Debug|Any CPU
		{2ED28AF4-E59D-42D1-B9B8-6D3A3589D5EB}.Release|Any CPU.ActiveCfg = Release|Any CPU
		{2ED28AF4-E59D-42D1-B9B8-6D3A3589D5EB}.Release|Any CPU.Build.0 = Release|Any CPU
		{442299BA-04F5-4E42-9DBB-E30DAEDEFE32}.Debug|Any CPU.ActiveCfg = Debug|Any CPU
		{442299BA-04F5-4E42-9DBB-E30DAEDEFE32}.Debug|Any CPU.Build.0 = Debug|Any CPU
		{442299BA-04F5-4E42-9DBB-E30DAEDEFE32}.Release|Any CPU.ActiveCfg = Release|Any CPU
		{442299BA-04F5-4E42-9DBB-E30DAEDEFE32}.Release|Any CPU.Build.0 = Release|Any CPU
		{BA8A13E7-E4C5-4B87-AE70-267348B171C7}.Debug|Any CPU.ActiveCfg = Debug|Any CPU
		{BA8A13E7-E4C5-4B87-AE70-267348B171C7}.Debug|Any CPU.Build.0 = Debug|Any CPU
		{BA8A13E7-E4C5-4B87-AE70-267348B171C7}.Release|Any CPU.ActiveCfg = Release|Any CPU
		{BA8A13E7-E4C5-4B87-AE70-267348B171C7}.Release|Any CPU.Build.0 = Release|Any CPU
		{3E74899A-49A5-4700-9325-6F2E5275C42E}.Debug|Any CPU.ActiveCfg = Debug|Any CPU
		{3E74899A-49A5-4700-9325-6F2E5275C42E}.Debug|Any CPU.Build.0 = Debug|Any CPU
		{3E74899A-49A5-4700-9325-6F2E5275C42E}.Release|Any CPU.ActiveCfg = Release|Any CPU
		{3E74899A-49A5-4700-9325-6F2E5275C42E}.Release|Any CPU.Build.0 = Release|Any CPU
		{F23C8DD9-F2D3-448B-8832-F085217E441F}.Debug|Any CPU.ActiveCfg = Debug|Any CPU
		{F23C8DD9-F2D3-448B-8832-F085217E441F}.Debug|Any CPU.Build.0 = Debug|Any CPU
		{F23C8DD9-F2D3-448B-8832-F085217E441F}.Release|Any CPU.ActiveCfg = Release|Any CPU
		{F23C8DD9-F2D3-448B-8832-F085217E441F}.Release|Any CPU.Build.0 = Release|Any CPU
	EndGlobalSection
EndGlobal
